<?xml version="1.0" encoding="UTF-8"?>
<!DOCTYPE plist PUBLIC "-//Apple//DTD PLIST 1.0//EN" "http://www.apple.com/DTDs/PropertyList-1.0.dtd">
<plist version="1.0">
<dict>
	<key>archiveVersion</key>
	<string>1</string>
	<key>classes</key>
	<dict/>
	<key>objectVersion</key>
	<string>46</string>
	<key>objects</key>
	<dict>
		<key>08D8118B656741559F1B395A</key>
		<dict>
			<key>buildActionMask</key>
			<string>2147483647</string>
			<key>files</key>
			<array/>
			<key>inputPaths</key>
			<array/>
			<key>isa</key>
			<string>PBXShellScriptBuildPhase</string>
			<key>name</key>
			<string>Copy Pods Resources</string>
			<key>outputPaths</key>
			<array/>
			<key>runOnlyForDeploymentPostprocessing</key>
			<string>0</string>
			<key>shellPath</key>
			<string>/bin/sh</string>
			<key>shellScript</key>
			<string>"${SRCROOT}/Pods/Pods-resources.sh"
</string>
			<key>showEnvVarsInLog</key>
			<string>1</string>
		</dict>
		<key>18388A9701F243AE931F02E0</key>
		<dict>
			<key>explicitFileType</key>
			<string>archive.ar</string>
			<key>includeInIndex</key>
			<string>0</string>
			<key>isa</key>
			<string>PBXFileReference</string>
			<key>name</key>
			<string>libPods.a</string>
			<key>path</key>
			<string>libPods.a</string>
			<key>sourceTree</key>
			<string>BUILT_PRODUCTS_DIR</string>
		</dict>
		<key>33629347DC5E4C5D8DA0CAAB</key>
		<dict>
			<key>buildActionMask</key>
			<string>2147483647</string>
			<key>files</key>
			<array/>
			<key>inputPaths</key>
			<array/>
			<key>isa</key>
			<string>PBXShellScriptBuildPhase</string>
			<key>name</key>
			<string>Check Pods Manifest.lock</string>
			<key>outputPaths</key>
			<array/>
			<key>runOnlyForDeploymentPostprocessing</key>
			<string>0</string>
			<key>shellPath</key>
			<string>/bin/sh</string>
			<key>shellScript</key>
			<string>diff "${PODS_ROOT}/../Podfile.lock" "${PODS_ROOT}/Manifest.lock" &gt; /dev/null
if [[ $? != 0 ]] ; then
    cat &lt;&lt; EOM
error: The sandbox is not in sync with the Podfile.lock. Run 'pod install' or update your CocoaPods installation.
EOM
    exit 1
fi
</string>
			<key>showEnvVarsInLog</key>
			<string>1</string>
		</dict>
		<key>6A3028FA169A66C900084364</key>
		<dict>
			<key>isa</key>
			<string>PBXFileReference</string>
			<key>lastKnownFileType</key>
			<string>image.png</string>
			<key>path</key>
			<string>icon.png</string>
			<key>sourceTree</key>
			<string>&lt;group&gt;</string>
		</dict>
		<key>6A3028FB169A66C900084364</key>
		<dict>
			<key>fileRef</key>
			<string>6A3028FA169A66C900084364</string>
			<key>isa</key>
			<string>PBXBuildFile</string>
		</dict>
		<key>6A3028FC169A66CC00084364</key>
		<dict>
			<key>isa</key>
			<string>PBXFileReference</string>
			<key>lastKnownFileType</key>
			<string>image.png</string>
			<key>path</key>
			<string>icon@2x.png</string>
			<key>sourceTree</key>
			<string>&lt;group&gt;</string>
		</dict>
		<key>6A3028FD169A66CC00084364</key>
		<dict>
			<key>fileRef</key>
			<string>6A3028FC169A66CC00084364</string>
			<key>isa</key>
			<string>PBXBuildFile</string>
		</dict>
		<key>6AEBE7EA169988A2008CC9AA</key>
		<dict>
			<key>children</key>
			<array>
				<string>6AEBE7FF169988A2008CC9AA</string>
				<string>6AEBE7F8169988A2008CC9AA</string>
				<string>6AEBE7F6169988A2008CC9AA</string>
				<string>CB9023C50FE2474FA840B502</string>
			</array>
			<key>isa</key>
			<string>PBXGroup</string>
			<key>sourceTree</key>
			<string>&lt;group&gt;</string>
		</dict>
		<key>6AEBE7EC169988A2008CC9AA</key>
		<dict>
			<key>attributes</key>
			<dict>
				<key>LastUpgradeCheck</key>
				<string>0450</string>
				<key>ORGANIZATIONNAME</key>
				<string>isaacl.net</string>
			</dict>
			<key>buildConfigurationList</key>
			<string>6AEBE7EF169988A2008CC9AA</string>
			<key>compatibilityVersion</key>
			<string>Xcode 3.2</string>
			<key>developmentRegion</key>
			<string>English</string>
			<key>hasScannedForEncodings</key>
			<string>0</string>
			<key>isa</key>
			<string>PBXProject</string>
			<key>knownRegions</key>
			<array>
				<string>en</string>
			</array>
			<key>mainGroup</key>
			<string>6AEBE7EA169988A2008CC9AA</string>
			<key>productRefGroup</key>
			<string>6AEBE7F6169988A2008CC9AA</string>
			<key>projectDirPath</key>
			<string></string>
			<key>projectReferences</key>
			<array/>
			<key>projectRoot</key>
			<string></string>
			<key>targets</key>
			<array>
				<string>6AEBE7F4169988A2008CC9AA</string>
			</array>
		</dict>
		<key>6AEBE7EF169988A2008CC9AA</key>
		<dict>
			<key>buildConfigurations</key>
			<array>
				<string>6AEBE817169988A2008CC9AA</string>
				<string>6AEBE818169988A2008CC9AA</string>
			</array>
			<key>defaultConfigurationIsVisible</key>
			<string>0</string>
			<key>defaultConfigurationName</key>
			<string>Release</string>
			<key>isa</key>
			<string>XCConfigurationList</string>
		</dict>
		<key>6AEBE7F1169988A2008CC9AA</key>
		<dict>
			<key>buildActionMask</key>
			<string>2147483647</string>
			<key>files</key>
			<array>
				<string>6AEBE806169988A2008CC9AA</string>
				<string>6AEBE80A169988A2008CC9AA</string>
				<string>6AEBE816169988A2008CC9AA</string>
				<string>6AEBE81F169988CF008CC9AA</string>
				<string>6AEBE82416999050008CC9AA</string>
			</array>
			<key>isa</key>
			<string>PBXSourcesBuildPhase</string>
			<key>runOnlyForDeploymentPostprocessing</key>
			<string>0</string>
		</dict>
		<key>6AEBE7F2169988A2008CC9AA</key>
		<dict>
			<key>buildActionMask</key>
			<string>2147483647</string>
			<key>files</key>
			<array>
				<string>6AEBE821169988F3008CC9AA</string>
				<string>6AEBE7FA169988A2008CC9AA</string>
				<string>6AEBE7FC169988A2008CC9AA</string>
				<string>6AEBE7FE169988A2008CC9AA</string>
				<string>A2284412424B4A6D80B1A54D</string>
			</array>
			<key>isa</key>
			<string>PBXFrameworksBuildPhase</string>
			<key>runOnlyForDeploymentPostprocessing</key>
			<string>0</string>
		</dict>
		<key>6AEBE7F3169988A2008CC9AA</key>
		<dict>
			<key>buildActionMask</key>
			<string>2147483647</string>
			<key>files</key>
			<array>
				<string>6AEBE804169988A2008CC9AA</string>
				<string>6AEBE80C169988A2008CC9AA</string>
				<string>6AEBE80E169988A2008CC9AA</string>
				<string>6AEBE810169988A2008CC9AA</string>
				<string>6AEBE813169988A2008CC9AA</string>
				<string>6AEBE82716999701008CC9AA</string>
				<string>6AEBE82816999701008CC9AA</string>
				<string>6A3028FB169A66C900084364</string>
				<string>6A3028FD169A66CC00084364</string>
			</array>
			<key>isa</key>
			<string>PBXResourcesBuildPhase</string>
			<key>runOnlyForDeploymentPostprocessing</key>
			<string>0</string>
		</dict>
		<key>6AEBE7F4169988A2008CC9AA</key>
		<dict>
			<key>buildConfigurationList</key>
			<string>6AEBE819169988A2008CC9AA</string>
			<key>buildPhases</key>
			<array>
				<string>33629347DC5E4C5D8DA0CAAB</string>
				<string>6AEBE7F1169988A2008CC9AA</string>
				<string>6AEBE7F2169988A2008CC9AA</string>
				<string>6AEBE7F3169988A2008CC9AA</string>
				<string>08D8118B656741559F1B395A</string>
			</array>
			<key>buildRules</key>
			<array/>
			<key>dependencies</key>
			<array/>
			<key>isa</key>
			<string>PBXNativeTarget</string>
			<key>name</key>
			<string>ILSideScrollViewDemo</string>
			<key>productName</key>
			<string>ILSideScrollViewDemo</string>
			<key>productReference</key>
			<string>6AEBE7F5169988A2008CC9AA</string>
			<key>productType</key>
			<string>com.apple.product-type.application</string>
		</dict>
		<key>6AEBE7F5169988A2008CC9AA</key>
		<dict>
			<key>explicitFileType</key>
			<string>wrapper.application</string>
			<key>includeInIndex</key>
			<string>0</string>
			<key>isa</key>
			<string>PBXFileReference</string>
			<key>path</key>
			<string>ILSideScrollViewDemo.app</string>
			<key>sourceTree</key>
			<string>BUILT_PRODUCTS_DIR</string>
		</dict>
		<key>6AEBE7F6169988A2008CC9AA</key>
		<dict>
			<key>children</key>
			<array>
				<string>6AEBE7F5169988A2008CC9AA</string>
			</array>
			<key>isa</key>
			<string>PBXGroup</string>
			<key>name</key>
			<string>Products</string>
			<key>sourceTree</key>
			<string>&lt;group&gt;</string>
		</dict>
		<key>6AEBE7F8169988A2008CC9AA</key>
		<dict>
			<key>children</key>
			<array>
				<string>6AEBE820169988F3008CC9AA</string>
				<string>6AEBE7F9169988A2008CC9AA</string>
				<string>6AEBE7FB169988A2008CC9AA</string>
				<string>6AEBE7FD169988A2008CC9AA</string>
				<string>18388A9701F243AE931F02E0</string>
			</array>
			<key>isa</key>
			<string>PBXGroup</string>
			<key>name</key>
			<string>Frameworks</string>
			<key>sourceTree</key>
			<string>&lt;group&gt;</string>
		</dict>
		<key>6AEBE7F9169988A2008CC9AA</key>
		<dict>
			<key>isa</key>
			<string>PBXFileReference</string>
			<key>lastKnownFileType</key>
			<string>wrapper.framework</string>
			<key>name</key>
			<string>UIKit.framework</string>
			<key>path</key>
			<string>System/Library/Frameworks/UIKit.framework</string>
			<key>sourceTree</key>
			<string>SDKROOT</string>
		</dict>
		<key>6AEBE7FA169988A2008CC9AA</key>
		<dict>
			<key>fileRef</key>
			<string>6AEBE7F9169988A2008CC9AA</string>
			<key>isa</key>
			<string>PBXBuildFile</string>
		</dict>
		<key>6AEBE7FB169988A2008CC9AA</key>
		<dict>
			<key>isa</key>
			<string>PBXFileReference</string>
			<key>lastKnownFileType</key>
			<string>wrapper.framework</string>
			<key>name</key>
			<string>Foundation.framework</string>
			<key>path</key>
			<string>System/Library/Frameworks/Foundation.framework</string>
			<key>sourceTree</key>
			<string>SDKROOT</string>
		</dict>
		<key>6AEBE7FC169988A2008CC9AA</key>
		<dict>
			<key>fileRef</key>
			<string>6AEBE7FB169988A2008CC9AA</string>
			<key>isa</key>
			<string>PBXBuildFile</string>
		</dict>
		<key>6AEBE7FD169988A2008CC9AA</key>
		<dict>
			<key>isa</key>
			<string>PBXFileReference</string>
			<key>lastKnownFileType</key>
			<string>wrapper.framework</string>
			<key>name</key>
			<string>CoreGraphics.framework</string>
			<key>path</key>
			<string>System/Library/Frameworks/CoreGraphics.framework</string>
			<key>sourceTree</key>
			<string>SDKROOT</string>
		</dict>
		<key>6AEBE7FE169988A2008CC9AA</key>
		<dict>
			<key>fileRef</key>
			<string>6AEBE7FD169988A2008CC9AA</string>
			<key>isa</key>
			<string>PBXBuildFile</string>
		</dict>
		<key>6AEBE7FF169988A2008CC9AA</key>
		<dict>
			<key>children</key>
			<array>
				<string>6AEBE808169988A2008CC9AA</string>
				<string>6AEBE809169988A2008CC9AA</string>
				<string>6AEBE811169988A2008CC9AA</string>
				<string>6AEBE814169988A2008CC9AA</string>
				<string>6AEBE815169988A2008CC9AA</string>
				<string>6AEBE82216999050008CC9AA</string>
				<string>6AEBE82316999050008CC9AA</string>
				<string>6AEBE81D169988CF008CC9AA</string>
				<string>6AEBE81E169988CF008CC9AA</string>
				<string>6AEBE8311699AEC6008CC9AA</string>
				<string>6AEBE800169988A2008CC9AA</string>
			</array>
			<key>isa</key>
			<string>PBXGroup</string>
			<key>path</key>
			<string>ILSideScrollViewDemo</string>
			<key>sourceTree</key>
			<string>&lt;group&gt;</string>
		</dict>
		<key>6AEBE800169988A2008CC9AA</key>
		<dict>
			<key>children</key>
			<array>
				<string>6AEBE801169988A2008CC9AA</string>
				<string>6AEBE802169988A2008CC9AA</string>
				<string>6AEBE805169988A2008CC9AA</string>
				<string>6AEBE807169988A2008CC9AA</string>
				<string>6AEBE80B169988A2008CC9AA</string>
				<string>6AEBE80D169988A2008CC9AA</string>
				<string>6AEBE80F169988A2008CC9AA</string>
			</array>
			<key>isa</key>
			<string>PBXGroup</string>
			<key>name</key>
			<string>Supporting Files</string>
			<key>sourceTree</key>
			<string>&lt;group&gt;</string>
		</dict>
		<key>6AEBE801169988A2008CC9AA</key>
		<dict>
			<key>isa</key>
			<string>PBXFileReference</string>
			<key>lastKnownFileType</key>
			<string>text.plist.xml</string>
			<key>path</key>
			<string>ILSideScrollViewDemo-Info.plist</string>
			<key>sourceTree</key>
			<string>&lt;group&gt;</string>
		</dict>
		<key>6AEBE802169988A2008CC9AA</key>
		<dict>
			<key>children</key>
			<array>
				<string>6AEBE803169988A2008CC9AA</string>
			</array>
			<key>isa</key>
			<string>PBXVariantGroup</string>
			<key>name</key>
			<string>InfoPlist.strings</string>
			<key>sourceTree</key>
			<string>&lt;group&gt;</string>
		</dict>
		<key>6AEBE803169988A2008CC9AA</key>
		<dict>
			<key>isa</key>
			<string>PBXFileReference</string>
			<key>lastKnownFileType</key>
			<string>text.plist.strings</string>
			<key>name</key>
			<string>en</string>
			<key>path</key>
			<string>en.lproj/InfoPlist.strings</string>
			<key>sourceTree</key>
			<string>&lt;group&gt;</string>
		</dict>
		<key>6AEBE804169988A2008CC9AA</key>
		<dict>
			<key>fileRef</key>
			<string>6AEBE802169988A2008CC9AA</string>
			<key>isa</key>
			<string>PBXBuildFile</string>
		</dict>
		<key>6AEBE805169988A2008CC9AA</key>
		<dict>
			<key>isa</key>
			<string>PBXFileReference</string>
			<key>lastKnownFileType</key>
			<string>sourcecode.c.objc</string>
			<key>path</key>
			<string>main.m</string>
			<key>sourceTree</key>
			<string>&lt;group&gt;</string>
		</dict>
		<key>6AEBE806169988A2008CC9AA</key>
		<dict>
			<key>fileRef</key>
			<string>6AEBE805169988A2008CC9AA</string>
			<key>isa</key>
			<string>PBXBuildFile</string>
		</dict>
		<key>6AEBE807169988A2008CC9AA</key>
		<dict>
			<key>isa</key>
			<string>PBXFileReference</string>
			<key>lastKnownFileType</key>
			<string>sourcecode.c.h</string>
			<key>path</key>
			<string>ILSideScrollViewDemo-Prefix.pch</string>
			<key>sourceTree</key>
			<string>&lt;group&gt;</string>
		</dict>
		<key>6AEBE808169988A2008CC9AA</key>
		<dict>
			<key>isa</key>
			<string>PBXFileReference</string>
			<key>lastKnownFileType</key>
			<string>sourcecode.c.h</string>
			<key>path</key>
			<string>AppDelegate.h</string>
			<key>sourceTree</key>
			<string>&lt;group&gt;</string>
		</dict>
		<key>6AEBE809169988A2008CC9AA</key>
		<dict>
			<key>isa</key>
			<string>PBXFileReference</string>
			<key>lastKnownFileType</key>
			<string>sourcecode.c.objc</string>
			<key>path</key>
			<string>AppDelegate.m</string>
			<key>sourceTree</key>
			<string>&lt;group&gt;</string>
		</dict>
		<key>6AEBE80A169988A2008CC9AA</key>
		<dict>
			<key>fileRef</key>
			<string>6AEBE809169988A2008CC9AA</string>
			<key>isa</key>
			<string>PBXBuildFile</string>
		</dict>
		<key>6AEBE80B169988A2008CC9AA</key>
		<dict>
			<key>isa</key>
			<string>PBXFileReference</string>
			<key>lastKnownFileType</key>
			<string>image.png</string>
			<key>path</key>
			<string>Default.png</string>
			<key>sourceTree</key>
			<string>&lt;group&gt;</string>
		</dict>
		<key>6AEBE80C169988A2008CC9AA</key>
		<dict>
			<key>fileRef</key>
			<string>6AEBE80B169988A2008CC9AA</string>
			<key>isa</key>
			<string>PBXBuildFile</string>
		</dict>
		<key>6AEBE80D169988A2008CC9AA</key>
		<dict>
			<key>isa</key>
			<string>PBXFileReference</string>
			<key>lastKnownFileType</key>
			<string>image.png</string>
			<key>path</key>
			<string>Default@2x.png</string>
			<key>sourceTree</key>
			<string>&lt;group&gt;</string>
		</dict>
		<key>6AEBE80E169988A2008CC9AA</key>
		<dict>
			<key>fileRef</key>
			<string>6AEBE80D169988A2008CC9AA</string>
			<key>isa</key>
			<string>PBXBuildFile</string>
		</dict>
		<key>6AEBE80F169988A2008CC9AA</key>
		<dict>
			<key>isa</key>
			<string>PBXFileReference</string>
			<key>lastKnownFileType</key>
			<string>image.png</string>
			<key>path</key>
			<string>Default-568h@2x.png</string>
			<key>sourceTree</key>
			<string>&lt;group&gt;</string>
		</dict>
		<key>6AEBE810169988A2008CC9AA</key>
		<dict>
			<key>fileRef</key>
			<string>6AEBE80F169988A2008CC9AA</string>
			<key>isa</key>
			<string>PBXBuildFile</string>
		</dict>
		<key>6AEBE811169988A2008CC9AA</key>
		<dict>
			<key>children</key>
			<array>
				<string>6AEBE812169988A2008CC9AA</string>
			</array>
			<key>isa</key>
			<string>PBXVariantGroup</string>
			<key>name</key>
			<string>MainStoryboard.storyboard</string>
			<key>sourceTree</key>
			<string>&lt;group&gt;</string>
		</dict>
		<key>6AEBE812169988A2008CC9AA</key>
		<dict>
			<key>isa</key>
			<string>PBXFileReference</string>
			<key>lastKnownFileType</key>
			<string>file.storyboard</string>
			<key>name</key>
			<string>en</string>
			<key>path</key>
			<string>en.lproj/MainStoryboard.storyboard</string>
			<key>sourceTree</key>
			<string>&lt;group&gt;</string>
		</dict>
		<key>6AEBE813169988A2008CC9AA</key>
		<dict>
			<key>fileRef</key>
			<string>6AEBE811169988A2008CC9AA</string>
			<key>isa</key>
			<string>PBXBuildFile</string>
		</dict>
		<key>6AEBE814169988A2008CC9AA</key>
		<dict>
			<key>isa</key>
			<string>PBXFileReference</string>
			<key>lastKnownFileType</key>
			<string>sourcecode.c.h</string>
			<key>path</key>
			<string>ViewController.h</string>
			<key>sourceTree</key>
			<string>&lt;group&gt;</string>
		</dict>
		<key>6AEBE815169988A2008CC9AA</key>
		<dict>
			<key>isa</key>
			<string>PBXFileReference</string>
			<key>lastKnownFileType</key>
			<string>sourcecode.c.objc</string>
			<key>path</key>
			<string>ViewController.m</string>
			<key>sourceTree</key>
			<string>&lt;group&gt;</string>
		</dict>
		<key>6AEBE816169988A2008CC9AA</key>
		<dict>
			<key>fileRef</key>
			<string>6AEBE815169988A2008CC9AA</string>
			<key>isa</key>
			<string>PBXBuildFile</string>
		</dict>
		<key>6AEBE817169988A2008CC9AA</key>
		<dict>
			<key>buildSettings</key>
			<dict>
				<key>ALWAYS_SEARCH_USER_PATHS</key>
				<string>NO</string>
				<key>CLANG_CXX_LANGUAGE_STANDARD</key>
				<string>gnu++0x</string>
				<key>CLANG_CXX_LIBRARY</key>
				<string>libc++</string>
				<key>CLANG_ENABLE_OBJC_ARC</key>
				<string>YES</string>
				<key>CLANG_WARN_EMPTY_BODY</key>
				<string>YES</string>
				<key>CLANG_WARN__DUPLICATE_METHOD_MATCH</key>
				<string>YES</string>
				<key>CODE_SIGN_IDENTITY[sdk=iphoneos*]</key>
				<string>iPhone Developer</string>
				<key>COPY_PHASE_STRIP</key>
				<string>NO</string>
				<key>GCC_C_LANGUAGE_STANDARD</key>
				<string>gnu99</string>
				<key>GCC_DYNAMIC_NO_PIC</key>
				<string>NO</string>
				<key>GCC_OPTIMIZATION_LEVEL</key>
				<string>0</string>
				<key>GCC_PREPROCESSOR_DEFINITIONS</key>
				<array>
					<string>DEBUG=1</string>
					<string>$(inherited)</string>
				</array>
				<key>GCC_SYMBOLS_PRIVATE_EXTERN</key>
				<string>NO</string>
				<key>GCC_WARN_ABOUT_RETURN_TYPE</key>
				<string>YES</string>
				<key>GCC_WARN_UNINITIALIZED_AUTOS</key>
				<string>YES</string>
				<key>GCC_WARN_UNUSED_VARIABLE</key>
				<string>YES</string>
				<key>IPHONEOS_DEPLOYMENT_TARGET</key>
				<string>6.0</string>
				<key>ONLY_ACTIVE_ARCH</key>
				<string>YES</string>
				<key>SDKROOT</key>
				<string>iphoneos</string>
			</dict>
			<key>isa</key>
			<string>XCBuildConfiguration</string>
			<key>name</key>
			<string>Debug</string>
		</dict>
		<key>6AEBE818169988A2008CC9AA</key>
		<dict>
			<key>buildSettings</key>
			<dict>
				<key>ALWAYS_SEARCH_USER_PATHS</key>
				<string>NO</string>
				<key>CLANG_CXX_LANGUAGE_STANDARD</key>
				<string>gnu++0x</string>
				<key>CLANG_CXX_LIBRARY</key>
				<string>libc++</string>
				<key>CLANG_ENABLE_OBJC_ARC</key>
				<string>YES</string>
				<key>CLANG_WARN_EMPTY_BODY</key>
				<string>YES</string>
				<key>CLANG_WARN__DUPLICATE_METHOD_MATCH</key>
				<string>YES</string>
				<key>CODE_SIGN_IDENTITY[sdk=iphoneos*]</key>
				<string>iPhone Developer</string>
				<key>COPY_PHASE_STRIP</key>
				<string>YES</string>
				<key>GCC_C_LANGUAGE_STANDARD</key>
				<string>gnu99</string>
				<key>GCC_WARN_ABOUT_RETURN_TYPE</key>
				<string>YES</string>
				<key>GCC_WARN_UNINITIALIZED_AUTOS</key>
				<string>YES</string>
				<key>GCC_WARN_UNUSED_VARIABLE</key>
				<string>YES</string>
				<key>IPHONEOS_DEPLOYMENT_TARGET</key>
				<string>6.0</string>
				<key>OTHER_CFLAGS</key>
				<string>-DNS_BLOCK_ASSERTIONS=1</string>
				<key>SDKROOT</key>
				<string>iphoneos</string>
				<key>VALIDATE_PRODUCT</key>
				<string>YES</string>
			</dict>
			<key>isa</key>
			<string>XCBuildConfiguration</string>
			<key>name</key>
			<string>Release</string>
		</dict>
		<key>6AEBE819169988A2008CC9AA</key>
		<dict>
			<key>buildConfigurations</key>
			<array>
				<string>6AEBE81A169988A2008CC9AA</string>
				<string>6AEBE81B169988A2008CC9AA</string>
			</array>
			<key>defaultConfigurationIsVisible</key>
			<string>0</string>
			<key>defaultConfigurationName</key>
			<string>Release</string>
			<key>isa</key>
			<string>XCConfigurationList</string>
		</dict>
		<key>6AEBE81A169988A2008CC9AA</key>
		<dict>
			<key>baseConfigurationReference</key>
			<string>CB9023C50FE2474FA840B502</string>
			<key>buildSettings</key>
			<dict>
				<key>GCC_PRECOMPILE_PREFIX_HEADER</key>
				<string>YES</string>
				<key>GCC_PREFIX_HEADER</key>
				<string>ILSideScrollViewDemo/ILSideScrollViewDemo-Prefix.pch</string>
				<key>INFOPLIST_FILE</key>
				<string>ILSideScrollViewDemo/ILSideScrollViewDemo-Info.plist</string>
				<key>IPHONEOS_DEPLOYMENT_TARGET</key>
				<string>5.0</string>
				<key>PRODUCT_NAME</key>
				<string>$(TARGET_NAME)</string>
				<key>WRAPPER_EXTENSION</key>
				<string>app</string>
			</dict>
			<key>isa</key>
			<string>XCBuildConfiguration</string>
			<key>name</key>
			<string>Debug</string>
		</dict>
		<key>6AEBE81B169988A2008CC9AA</key>
		<dict>
			<key>baseConfigurationReference</key>
			<string>CB9023C50FE2474FA840B502</string>
			<key>buildSettings</key>
			<dict>
				<key>GCC_PRECOMPILE_PREFIX_HEADER</key>
				<string>YES</string>
				<key>GCC_PREFIX_HEADER</key>
				<string>ILSideScrollViewDemo/ILSideScrollViewDemo-Prefix.pch</string>
				<key>INFOPLIST_FILE</key>
				<string>ILSideScrollViewDemo/ILSideScrollViewDemo-Info.plist</string>
				<key>IPHONEOS_DEPLOYMENT_TARGET</key>
				<string>5.0</string>
				<key>PRODUCT_NAME</key>
				<string>$(TARGET_NAME)</string>
				<key>WRAPPER_EXTENSION</key>
				<string>app</string>
			</dict>
			<key>isa</key>
			<string>XCBuildConfiguration</string>
			<key>name</key>
			<string>Release</string>
		</dict>
		<key>6AEBE81D169988CF008CC9AA</key>
		<dict>
			<key>fileEncoding</key>
			<string>4</string>
			<key>isa</key>
			<string>PBXFileReference</string>
			<key>lastKnownFileType</key>
			<string>sourcecode.c.h</string>
			<key>name</key>
			<string>ILSideScrollView.h</string>
			<key>path</key>
			<string>../../ILSideScrollView.h</string>
			<key>sourceTree</key>
			<string>&lt;group&gt;</string>
		</dict>
		<key>6AEBE81E169988CF008CC9AA</key>
		<dict>
			<key>fileEncoding</key>
			<string>4</string>
			<key>isa</key>
			<string>PBXFileReference</string>
			<key>lastKnownFileType</key>
			<string>sourcecode.c.objc</string>
			<key>name</key>
			<string>ILSideScrollView.m</string>
			<key>path</key>
			<string>../../ILSideScrollView.m</string>
			<key>sourceTree</key>
			<string>&lt;group&gt;</string>
		</dict>
		<key>6AEBE81F169988CF008CC9AA</key>
		<dict>
			<key>fileRef</key>
			<string>6AEBE81E169988CF008CC9AA</string>
			<key>isa</key>
			<string>PBXBuildFile</string>
		</dict>
		<key>6AEBE820169988F3008CC9AA</key>
		<dict>
			<key>isa</key>
			<string>PBXFileReference</string>
			<key>lastKnownFileType</key>
			<string>wrapper.framework</string>
			<key>name</key>
			<string>QuartzCore.framework</string>
			<key>path</key>
			<string>System/Library/Frameworks/QuartzCore.framework</string>
			<key>sourceTree</key>
			<string>SDKROOT</string>
		</dict>
		<key>6AEBE821169988F3008CC9AA</key>
		<dict>
			<key>fileRef</key>
			<string>6AEBE820169988F3008CC9AA</string>
			<key>isa</key>
			<string>PBXBuildFile</string>
		</dict>
		<key>6AEBE82216999050008CC9AA</key>
		<dict>
			<key>fileEncoding</key>
			<string>4</string>
			<key>isa</key>
			<string>PBXFileReference</string>
			<key>lastKnownFileType</key>
			<string>sourcecode.c.h</string>
			<key>name</key>
			<string>ILSideScrollViewItem.h</string>
			<key>path</key>
			<string>../../ILSideScrollViewItem.h</string>
			<key>sourceTree</key>
			<string>&lt;group&gt;</string>
		</dict>
		<key>6AEBE82316999050008CC9AA</key>
		<dict>
			<key>fileEncoding</key>
			<string>4</string>
			<key>isa</key>
			<string>PBXFileReference</string>
			<key>lastKnownFileType</key>
			<string>sourcecode.c.objc</string>
			<key>name</key>
			<string>ILSideScrollViewItem.m</string>
			<key>path</key>
			<string>../../ILSideScrollViewItem.m</string>
			<key>sourceTree</key>
			<string>&lt;group&gt;</string>
		</dict>
		<key>6AEBE82416999050008CC9AA</key>
		<dict>
			<key>fileRef</key>
			<string>6AEBE82316999050008CC9AA</string>
			<key>isa</key>
			<string>PBXBuildFile</string>
		</dict>
		<key>6AEBE82516999701008CC9AA</key>
		<dict>
			<key>isa</key>
			<string>PBXFileReference</string>
			<key>lastKnownFileType</key>
			<string>image.png</string>
			<key>path</key>
			<string>wood.png</string>
			<key>sourceTree</key>
			<string>&lt;group&gt;</string>
		</dict>
		<key>6AEBE82616999701008CC9AA</key>
		<dict>
			<key>isa</key>
			<string>PBXFileReference</string>
			<key>lastKnownFileType</key>
			<string>image.png</string>
			<key>path</key>
			<string>wood@2x.png</string>
			<key>sourceTree</key>
			<string>&lt;group&gt;</string>
		</dict>
		<key>6AEBE82716999701008CC9AA</key>
		<dict>
			<key>fileRef</key>
			<string>6AEBE82516999701008CC9AA</string>
			<key>isa</key>
			<string>PBXBuildFile</string>
		</dict>
		<key>6AEBE82816999701008CC9AA</key>
		<dict>
			<key>fileRef</key>
			<string>6AEBE82616999701008CC9AA</string>
			<key>isa</key>
			<string>PBXBuildFile</string>
		</dict>
		<key>6AEBE8311699AEC6008CC9AA</key>
		<dict>
			<key>children</key>
			<array>
				<string>6A3028FC169A66CC00084364</string>
				<string>6A3028FA169A66C900084364</string>
				<string>6AEBE82516999701008CC9AA</string>
				<string>6AEBE82616999701008CC9AA</string>
			</array>
			<key>isa</key>
			<string>PBXGroup</string>
			<key>name</key>
			<string>Images</string>
			<key>sourceTree</key>
			<string>&lt;group&gt;</string>
		</dict>
		<key>A2284412424B4A6D80B1A54D</key>
		<dict>
			<key>fileRef</key>
			<string>18388A9701F243AE931F02E0</string>
			<key>isa</key>
			<string>PBXBuildFile</string>
			<key>settings</key>
			<dict/>
		</dict>
		<key>CB9023C50FE2474FA840B502</key>
		<dict>
			<key>includeInIndex</key>
			<string>1</string>
			<key>isa</key>
			<string>PBXFileReference</string>
			<key>lastKnownFileType</key>
			<string>text.xcconfig</string>
			<key>name</key>
			<string>Pods.xcconfig</string>
			<key>path</key>
			<string>Pods/Pods.xcconfig</string>
			<key>sourceTree</key>
			<string>SOURCE_ROOT</string>
		</dict>
	</dict>
	<key>rootObject</key>
	<string>6AEBE7EC169988A2008CC9AA</string>
</dict>
</plist>
